{
  "name": "jsdoc-wmf-theme",
  "version": "0.0.2+git",
  "lockfileVersion": 1,
  "requires": true,
  "dependencies": {
    "domino": {
      "version": "2.0.3",
      "resolved": "https://registry.npmjs.org/domino/-/domino-2.0.3.tgz",
      "integrity": "sha512-QkW2THVtKJw9FmV6awFQbcpaJPIqQtF+F1PMO5EXIdULVit9IaU3w+ZQgBjrR6hSHgP97TKyo/tcFqkgwfYenA=="
    },
    "lunr": {
      "version": "2.3.1",
      "resolved": "https://registry.npmjs.org/lunr/-/lunr-2.3.1.tgz",
      "integrity": "sha1-ETYWorYC3cEJMqe/ik5uV+v+zfI="
    },
    "taffydb": {
      "version": "2.7.3",
      "resolved": "https://registry.npmjs.org/taffydb/-/taffydb-2.7.3.tgz",
      "integrity": "sha1-KtNxaWKUmPylvIQkMJbTzeDsOjQ="
    }
  }
}
